
Microsoft Visual Studio Solution File, Format Version 12.00
# Visual Studio Version 17
VisualStudioVersion = 17.7.34031.279
MinimumVisualStudioVersion = 10.0.40219.1
Project("{888888A0-9F3D-457C-B088-3A5042F75D52}") = "3OLIDTS_GuntherNettel_02_Py", "3OLIDTS_GuntherNettel_02_Py.pyproj", "{5C90EA19-8029-4CA2-9BFE-0AF9765A799C}"
EndProject
Global
	GlobalSection(SolutionConfigurationPlatforms) = preSolution
		Debug|Any CPU = Debug|Any CPU
		Release|Any CPU = Release|Any CPU
	EndGlobalSection
	GlobalSection(ProjectConfigurationPlatforms) = postSolution
		{5C90EA19-8029-4CA2-9BFE-0AF9765A799C}.Debug|Any CPU.ActiveCfg = Debug|Any CPU
		{5C90EA19-8029-4CA2-9BFE-0AF9765A799C}.Release|Any CPU.ActiveCfg = Release|Any CPU
	EndGlobalSection
	GlobalSection(SolutionProperties) = preSolution
		HideSolutionNode = FALSE
	EndGlobalSection
	GlobalSection(ExtensibilityGlobals) = postSolution
		SolutionGuid = {70C7CBE0-741C-4844-AD08-FDD77B15FBEA}
	EndGlobalSection
EndGlobal
